
Microsoft Visual Studio Solution File, Format Version 12.00
# Visual Studio Version 16
VisualStudioVersion = 16.0.30611.23
MinimumVisualStudioVersion = 10.0.40219.1
Project("{FAE04EC0-301F-11D3-BF4B-00C04F79EFBC}") = "Lab4", "Lab4\Lab4.csproj", "{AA9E470E-B1E2-4D48-B1F3-F441C53BB565}"
EndProject
Global
	GlobalSection(SolutionConfigurationPlatforms) = preSolution
		Debug|Any CPU = Debug|Any CPU
		Release|Any CPU = Release|Any CPU
	EndGlobalSection
	GlobalSection(ProjectConfigurationPlatforms) = postSolution
		{AA9E470E-B1E2-4D48-B1F3-F441C53BB565}.Debug|Any CPU.ActiveCfg = Debug|Any CPU
		{AA9E470E-B1E2-4D48-B1F3-F441C53BB565}.Debug|Any CPU.Build.0 = Debug|Any CPU
		{AA9E470E-B1E2-4D48-B1F3-F441C53BB565}.Release|Any CPU.ActiveCfg = Release|Any CPU
		{AA9E470E-B1E2-4D48-B1F3-F441C53BB565}.Release|Any CPU.Build.0 = Release|Any CPU
	EndGlobalSection
	GlobalSection(SolutionProperties) = preSolution
		HideSolutionNode = FALSE
	EndGlobalSection
	GlobalSection(ExtensibilityGlobals) = postSolution
		SolutionGuid = {65ABFD78-7D52-4741-812F-99FDD83A741F}
	EndGlobalSection
EndGlobal
