
Microsoft Visual Studio Solution File, Format Version 12.00
# Visual Studio Version 16
VisualStudioVersion = 16.0.30611.23
MinimumVisualStudioVersion = 10.0.40219.1
Project("{FAE04EC0-301F-11D3-BF4B-00C04F79EFBC}") = "Lab5", "Lab5\Lab5.csproj", "{270127B6-EEF5-44EA-AA6C-B5492FA3DE86}"
EndProject
Global
	GlobalSection(SolutionConfigurationPlatforms) = preSolution
		Debug|Any CPU = Debug|Any CPU
		Release|Any CPU = Release|Any CPU
	EndGlobalSection
	GlobalSection(ProjectConfigurationPlatforms) = postSolution
		{270127B6-EEF5-44EA-AA6C-B5492FA3DE86}.Debug|Any CPU.ActiveCfg = Debug|Any CPU
		{270127B6-EEF5-44EA-AA6C-B5492FA3DE86}.Debug|Any CPU.Build.0 = Debug|Any CPU
		{270127B6-EEF5-44EA-AA6C-B5492FA3DE86}.Release|Any CPU.ActiveCfg = Release|Any CPU
		{270127B6-EEF5-44EA-AA6C-B5492FA3DE86}.Release|Any CPU.Build.0 = Release|Any CPU
	EndGlobalSection
	GlobalSection(SolutionProperties) = preSolution
		HideSolutionNode = FALSE
	EndGlobalSection
	GlobalSection(ExtensibilityGlobals) = postSolution
		SolutionGuid = {ECF2EC0D-5A82-404C-B982-4168F0A588A3}
	EndGlobalSection
EndGlobal
